
Microsoft Visual Studio Solution File, Format Version 12.00
# Visual Studio Version 17
VisualStudioVersion = 17.9.34728.123
MinimumVisualStudioVersion = 10.0.40219.1
Project("{9A19103F-16F7-4668-BE54-9A1E7A4F7556}") = "BookLibraryAPI", "BookLibraryAPI\BookLibraryAPI.csproj", "{C63D6D61-2D84-4D0A-8695-34A26C5A65B9}"
EndProject
Project("{FAE04EC0-301F-11D3-BF4B-00C04F79EFBC}") = "UnitTest", "UnitTest\UnitTest.csproj", "{18D94713-274B-4E0E-9E7D-0E8EF9121B0C}"
EndProject
Global
	GlobalSection(SolutionConfigurationPlatforms) = preSolution
		Debug|Any CPU = Debug|Any CPU
		Release|Any CPU = Release|Any CPU
	EndGlobalSection
	GlobalSection(ProjectConfigurationPlatforms) = postSolution
		{C63D6D61-2D84-4D0A-8695-34A26C5A65B9}.Debug|Any CPU.ActiveCfg = Debug|Any CPU
		{C63D6D61-2D84-4D0A-8695-34A26C5A65B9}.Debug|Any CPU.Build.0 = Debug|Any CPU
		{C63D6D61-2D84-4D0A-8695-34A26C5A65B9}.Release|Any CPU.ActiveCfg = Release|Any CPU
		{C63D6D61-2D84-4D0A-8695-34A26C5A65B9}.Release|Any CPU.Build.0 = Release|Any CPU
		{18D94713-274B-4E0E-9E7D-0E8EF9121B0C}.Debug|Any CPU.ActiveCfg = Debug|Any CPU
		{18D94713-274B-4E0E-9E7D-0E8EF9121B0C}.Debug|Any CPU.Build.0 = Debug|Any CPU
		{18D94713-274B-4E0E-9E7D-0E8EF9121B0C}.Release|Any CPU.ActiveCfg = Release|Any CPU
		{18D94713-274B-4E0E-9E7D-0E8EF9121B0C}.Release|Any CPU.Build.0 = Release|Any CPU
	EndGlobalSection
	GlobalSection(SolutionProperties) = preSolution
		HideSolutionNode = FALSE
	EndGlobalSection
	GlobalSection(ExtensibilityGlobals) = postSolution
		SolutionGuid = {77C12CFC-CDF7-4061-8DC3-427480077E00}
	EndGlobalSection
EndGlobal
